
Microsoft Visual Studio Solution File, Format Version 12.00
# Visual Studio Version 16
VisualStudioVersion = 16.0.31624.102
MinimumVisualStudioVersion = 10.0.40219.1
Project("{8BC9CEB8-8B4A-11D0-8D11-00A0C91BC942}") = "Kunitsyna_1", "Kunitsyna_1\Kunitsyna_1.vcxproj", "{019ACFFA-56F7-4395-85CF-1814B849BD8A}"
EndProject
Global
	GlobalSection(SolutionConfigurationPlatforms) = preSolution
		Debug|x64 = Debug|x64
		Debug|x86 = Debug|x86
		Release|x64 = Release|x64
		Release|x86 = Release|x86
	EndGlobalSection
	GlobalSection(ProjectConfigurationPlatforms) = postSolution
		{019ACFFA-56F7-4395-85CF-1814B849BD8A}.Debug|x64.ActiveCfg = Debug|x64
		{019ACFFA-56F7-4395-85CF-1814B849BD8A}.Debug|x64.Build.0 = Debug|x64
		{019ACFFA-56F7-4395-85CF-1814B849BD8A}.Debug|x86.ActiveCfg = Debug|Win32
		{019ACFFA-56F7-4395-85CF-1814B849BD8A}.Debug|x86.Build.0 = Debug|Win32
		{019ACFFA-56F7-4395-85CF-1814B849BD8A}.Release|x64.ActiveCfg = Release|x64
		{019ACFFA-56F7-4395-85CF-1814B849BD8A}.Release|x64.Build.0 = Release|x64
		{019ACFFA-56F7-4395-85CF-1814B849BD8A}.Release|x86.ActiveCfg = Release|Win32
		{019ACFFA-56F7-4395-85CF-1814B849BD8A}.Release|x86.Build.0 = Release|Win32
	EndGlobalSection
	GlobalSection(SolutionProperties) = preSolution
		HideSolutionNode = FALSE
	EndGlobalSection
	GlobalSection(ExtensibilityGlobals) = postSolution
		SolutionGuid = {3FABF92E-45FC-4895-A06A-445356CE7F83}
	EndGlobalSection
EndGlobal
